// !$*UTF8*$!
{
	archiveVersion = 1;
	classes = {
	};
	objectVersion = 50;
	objects = {

/* Begin PBXBuildFile section */
		37824278A1758B22FE302C2B /* Pods_CleanArchitectureTests.framework in Frameworks */ = {isa = PBXBuildFile; fileRef = 782273A712D21DC25C665C73 /* Pods_CleanArchitectureTests.framework */; };
		433BCADC21C7F0000098DCF8 /* TargetType.swift in Sources */ = {isa = PBXBuildFile; fileRef = 433BCAD721C7F0000098DCF8 /* TargetType.swift */; };
		433BCADD21C7F0000098DCF8 /* Mapping.swift in Sources */ = {isa = PBXBuildFile; fileRef = 433BCAD821C7F0000098DCF8 /* Mapping.swift */; };
		433BCADE21C7F0000098DCF8 /* Router.swift in Sources */ = {isa = PBXBuildFile; fileRef = 433BCAD921C7F0000098DCF8 /* Router.swift */; };
		433BCADF21C7F0000098DCF8 /* Task.swift in Sources */ = {isa = PBXBuildFile; fileRef = 433BCADA21C7F0000098DCF8 /* Task.swift */; };
		433BCAE821C7F0B50098DCF8 /* JSONDecoder.swift in Sources */ = {isa = PBXBuildFile; fileRef = 433BCAE321C7F0B50098DCF8 /* JSONDecoder.swift */; };
		433BCAE921C7F0B50098DCF8 /* DateFormatter.swift in Sources */ = {isa = PBXBuildFile; fileRef = 433BCAE421C7F0B50098DCF8 /* DateFormatter.swift */; };
		433BCAEB21C7F0B50098DCF8 /* ViewModel.swift in Sources */ = {isa = PBXBuildFile; fileRef = 433BCAE721C7F0B50098DCF8 /* ViewModel.swift */; };
		433BCAED21C7F2CB0098DCF8 /* APIError.swift in Sources */ = {isa = PBXBuildFile; fileRef = 433BCAEC21C7F2CB0098DCF8 /* APIError.swift */; };
		433BCAEF21C7F3EA0098DCF8 /* NetworkProvider.swift in Sources */ = {isa = PBXBuildFile; fileRef = 433BCAEE21C7F3EA0098DCF8 /* NetworkProvider.swift */; };
		433BCAFA21C804FB0098DCF8 /* Dictionary.swift in Sources */ = {isa = PBXBuildFile; fileRef = 433BCAF921C804FB0098DCF8 /* Dictionary.swift */; };
		433BCAFC21C808B10098DCF8 /* Sequence.swift in Sources */ = {isa = PBXBuildFile; fileRef = 433BCAFB21C808B10098DCF8 /* Sequence.swift */; };
		433BCB0921C8F0710098DCF8 /* UIImageView.swift in Sources */ = {isa = PBXBuildFile; fileRef = 433BCB0821C8F0710098DCF8 /* UIImageView.swift */; };
		433BCB0C21C8F7D80098DCF8 /* GradientView.swift in Sources */ = {isa = PBXBuildFile; fileRef = 433BCB0B21C8F7D80098DCF8 /* GradientView.swift */; };
		433BCB0E21C91FAD0098DCF8 /* Color.swift in Sources */ = {isa = PBXBuildFile; fileRef = 433BCB0D21C91FAD0098DCF8 /* Color.swift */; };
		433BCB1021C928FB0098DCF8 /* Credential.swift in Sources */ = {isa = PBXBuildFile; fileRef = 433BCB0F21C928FB0098DCF8 /* Credential.swift */; };
		433BCB1221C929460098DCF8 /* AuthUseCase.swift in Sources */ = {isa = PBXBuildFile; fileRef = 433BCB1121C929460098DCF8 /* AuthUseCase.swift */; };
		433BCB1421C929670098DCF8 /* User.swift in Sources */ = {isa = PBXBuildFile; fileRef = 433BCB1321C929670098DCF8 /* User.swift */; };
		433BCB1921C92BC90098DCF8 /* SigninViewController.swift in Sources */ = {isa = PBXBuildFile; fileRef = 433BCB1721C92BC90098DCF8 /* SigninViewController.swift */; };
		433BCB1A21C92BC90098DCF8 /* SigninViewController.xib in Resources */ = {isa = PBXBuildFile; fileRef = 433BCB1821C92BC90098DCF8 /* SigninViewController.xib */; };
		433BCB1C21C92BD40098DCF8 /* SigninViewModel.swift in Sources */ = {isa = PBXBuildFile; fileRef = 433BCB1B21C92BD40098DCF8 /* SigninViewModel.swift */; };
		433BCB1F21C92CAD0098DCF8 /* AuthTarget.swift in Sources */ = {isa = PBXBuildFile; fileRef = 433BCB1E21C92CAD0098DCF8 /* AuthTarget.swift */; };
		433BCB2121C92E330098DCF8 /* AuthNetwork.swift in Sources */ = {isa = PBXBuildFile; fileRef = 433BCB2021C92E330098DCF8 /* AuthNetwork.swift */; };
		4353C67E21C6A3F100A824DD /* AppDelegate.swift in Sources */ = {isa = PBXBuildFile; fileRef = 4353C67D21C6A3F100A824DD /* AppDelegate.swift */; };
		4353C68521C6A3F200A824DD /* Assets.xcassets in Resources */ = {isa = PBXBuildFile; fileRef = 4353C68421C6A3F200A824DD /* Assets.xcassets */; };
		4353C68821C6A3F200A824DD /* LaunchScreen.storyboard in Resources */ = {isa = PBXBuildFile; fileRef = 4353C68621C6A3F200A824DD /* LaunchScreen.storyboard */; };
		4353C69321C6A3F200A824DD /* CleanArchitectureTests.swift in Sources */ = {isa = PBXBuildFile; fileRef = 4353C69221C6A3F200A824DD /* CleanArchitectureTests.swift */; };
		43682B1721C6A93F00716C2C /* ViewController.swift in Sources */ = {isa = PBXBuildFile; fileRef = 43682B1621C6A93F00716C2C /* ViewController.swift */; };
		43682B1A21C6A9B900716C2C /* Application.swift in Sources */ = {isa = PBXBuildFile; fileRef = 43682B1921C6A9B900716C2C /* Application.swift */; };
		43682B3121C6AEF800716C2C /* AuthNavigator.swift in Sources */ = {isa = PBXBuildFile; fileRef = 43682B3021C6AEF800716C2C /* AuthNavigator.swift */; };
		43682B3921C6B28B00716C2C /* App.swift in Sources */ = {isa = PBXBuildFile; fileRef = 43682B3821C6B28B00716C2C /* App.swift */; };
		43682B3C21C6B38B00716C2C /* String.swift in Sources */ = {isa = PBXBuildFile; fileRef = 43682B3B21C6B38B00716C2C /* String.swift */; };
		956645E2564500EDB3CF387E /* Pods_CleanArchitecture.framework in Frameworks */ = {isa = PBXBuildFile; fileRef = C02D3B665AE9543DC884C9D2 /* Pods_CleanArchitecture.framework */; };
/* End PBXBuildFile section */

/* Begin PBXContainerItemProxy section */
		4353C68F21C6A3F200A824DD /* PBXContainerItemProxy */ = {
			isa = PBXContainerItemProxy;
			containerPortal = 4353C67221C6A3F100A824DD /* Project object */;
			proxyType = 1;
			remoteGlobalIDString = 4353C67921C6A3F100A824DD;
			remoteInfo = CleanArchitecture;
		};
/* End PBXContainerItemProxy section */

/* Begin PBXFileReference section */
		36A681191E9522F67040C5B4 /* Pods_CleanArchitectureUITests.framework */ = {isa = PBXFileReference; explicitFileType = wrapper.framework; includeInIndex = 0; path = Pods_CleanArchitectureUITests.framework; sourceTree = BUILT_PRODUCTS_DIR; };
		433BCAD721C7F0000098DCF8 /* TargetType.swift */ = {isa = PBXFileReference; fileEncoding = 4; lastKnownFileType = sourcecode.swift; path = TargetType.swift; sourceTree = "<group>"; };
		433BCAD821C7F0000098DCF8 /* Mapping.swift */ = {isa = PBXFileReference; fileEncoding = 4; lastKnownFileType = sourcecode.swift; path = Mapping.swift; sourceTree = "<group>"; };
		433BCAD921C7F0000098DCF8 /* Router.swift */ = {isa = PBXFileReference; fileEncoding = 4; lastKnownFileType = sourcecode.swift; path = Router.swift; sourceTree = "<group>"; };
		433BCADA21C7F0000098DCF8 /* Task.swift */ = {isa = PBXFileReference; fileEncoding = 4; lastKnownFileType = sourcecode.swift; path = Task.swift; sourceTree = "<group>"; };
		433BCAE321C7F0B50098DCF8 /* JSONDecoder.swift */ = {isa = PBXFileReference; fileEncoding = 4; lastKnownFileType = sourcecode.swift; path = JSONDecoder.swift; sourceTree = "<group>"; };
		433BCAE421C7F0B50098DCF8 /* DateFormatter.swift */ = {isa = PBXFileReference; fileEncoding = 4; lastKnownFileType = sourcecode.swift; path = DateFormatter.swift; sourceTree = "<group>"; };
		433BCAE721C7F0B50098DCF8 /* ViewModel.swift */ = {isa = PBXFileReference; fileEncoding = 4; lastKnownFileType = sourcecode.swift; path = ViewModel.swift; sourceTree = "<group>"; };
		433BCAEC21C7F2CB0098DCF8 /* APIError.swift */ = {isa = PBXFileReference; lastKnownFileType = sourcecode.swift; path = APIError.swift; sourceTree = "<group>"; };
		433BCAEE21C7F3EA0098DCF8 /* NetworkProvider.swift */ = {isa = PBXFileReference; lastKnownFileType = sourcecode.swift; path = NetworkProvider.swift; sourceTree = "<group>"; };
		433BCAF921C804FB0098DCF8 /* Dictionary.swift */ = {isa = PBXFileReference; lastKnownFileType = sourcecode.swift; path = Dictionary.swift; sourceTree = "<group>"; };
		433BCAFB21C808B10098DCF8 /* Sequence.swift */ = {isa = PBXFileReference; lastKnownFileType = sourcecode.swift; path = Sequence.swift; sourceTree = "<group>"; };
		433BCB0821C8F0710098DCF8 /* UIImageView.swift */ = {isa = PBXFileReference; lastKnownFileType = sourcecode.swift; path = UIImageView.swift; sourceTree = "<group>"; };
		433BCB0B21C8F7D80098DCF8 /* GradientView.swift */ = {isa = PBXFileReference; lastKnownFileType = sourcecode.swift; path = GradientView.swift; sourceTree = "<group>"; };
		433BCB0D21C91FAD0098DCF8 /* Color.swift */ = {isa = PBXFileReference; lastKnownFileType = sourcecode.swift; path = Color.swift; sourceTree = "<group>"; };
		433BCB0F21C928FB0098DCF8 /* Credential.swift */ = {isa = PBXFileReference; lastKnownFileType = sourcecode.swift; path = Credential.swift; sourceTree = "<group>"; };
		433BCB1121C929460098DCF8 /* AuthUseCase.swift */ = {isa = PBXFileReference; lastKnownFileType = sourcecode.swift; path = AuthUseCase.swift; sourceTree = "<group>"; };
		433BCB1321C929670098DCF8 /* User.swift */ = {isa = PBXFileReference; lastKnownFileType = sourcecode.swift; path = User.swift; sourceTree = "<group>"; };
		433BCB1721C92BC90098DCF8 /* SigninViewController.swift */ = {isa = PBXFileReference; lastKnownFileType = sourcecode.swift; path = SigninViewController.swift; sourceTree = "<group>"; };
		433BCB1821C92BC90098DCF8 /* SigninViewController.xib */ = {isa = PBXFileReference; lastKnownFileType = file.xib; path = SigninViewController.xib; sourceTree = "<group>"; };
		433BCB1B21C92BD40098DCF8 /* SigninViewModel.swift */ = {isa = PBXFileReference; lastKnownFileType = sourcecode.swift; path = SigninViewModel.swift; sourceTree = "<group>"; };
		433BCB1E21C92CAD0098DCF8 /* AuthTarget.swift */ = {isa = PBXFileReference; lastKnownFileType = sourcecode.swift; path = AuthTarget.swift; sourceTree = "<group>"; };
		433BCB2021C92E330098DCF8 /* AuthNetwork.swift */ = {isa = PBXFileReference; lastKnownFileType = sourcecode.swift; path = AuthNetwork.swift; sourceTree = "<group>"; };
		4353C67A21C6A3F100A824DD /* CleanArchitecture.app */ = {isa = PBXFileReference; explicitFileType = wrapper.application; includeInIndex = 0; path = CleanArchitecture.app; sourceTree = BUILT_PRODUCTS_DIR; };
		4353C67D21C6A3F100A824DD /* AppDelegate.swift */ = {isa = PBXFileReference; lastKnownFileType = sourcecode.swift; path = AppDelegate.swift; sourceTree = "<group>"; };
		4353C68421C6A3F200A824DD /* Assets.xcassets */ = {isa = PBXFileReference; lastKnownFileType = folder.assetcatalog; path = Assets.xcassets; sourceTree = "<group>"; };
		4353C68721C6A3F200A824DD /* Base */ = {isa = PBXFileReference; lastKnownFileType = file.storyboard; name = Base; path = Base.lproj/LaunchScreen.storyboard; sourceTree = "<group>"; };
		4353C68921C6A3F200A824DD /* Info.plist */ = {isa = PBXFileReference; lastKnownFileType = text.plist.xml; path = Info.plist; sourceTree = "<group>"; };
		4353C68E21C6A3F200A824DD /* CleanArchitectureTests.xctest */ = {isa = PBXFileReference; explicitFileType = wrapper.cfbundle; includeInIndex = 0; path = CleanArchitectureTests.xctest; sourceTree = BUILT_PRODUCTS_DIR; };
		4353C69221C6A3F200A824DD /* CleanArchitectureTests.swift */ = {isa = PBXFileReference; lastKnownFileType = sourcecode.swift; path = CleanArchitectureTests.swift; sourceTree = "<group>"; };
		4353C69421C6A3F200A824DD /* Info.plist */ = {isa = PBXFileReference; lastKnownFileType = text.plist.xml; path = Info.plist; sourceTree = "<group>"; };
		43682B1621C6A93F00716C2C /* ViewController.swift */ = {isa = PBXFileReference; lastKnownFileType = sourcecode.swift; path = ViewController.swift; sourceTree = "<group>"; };
		43682B1921C6A9B900716C2C /* Application.swift */ = {isa = PBXFileReference; lastKnownFileType = sourcecode.swift; path = Application.swift; sourceTree = "<group>"; };
		43682B3021C6AEF800716C2C /* AuthNavigator.swift */ = {isa = PBXFileReference; lastKnownFileType = sourcecode.swift; path = AuthNavigator.swift; sourceTree = "<group>"; };
		43682B3821C6B28B00716C2C /* App.swift */ = {isa = PBXFileReference; lastKnownFileType = sourcecode.swift; path = App.swift; sourceTree = "<group>"; };
		43682B3B21C6B38B00716C2C /* String.swift */ = {isa = PBXFileReference; lastKnownFileType = sourcecode.swift; path = String.swift; sourceTree = "<group>"; };
		782273A712D21DC25C665C73 /* Pods_CleanArchitectureTests.framework */ = {isa = PBXFileReference; explicitFileType = wrapper.framework; includeInIndex = 0; path = Pods_CleanArchitectureTests.framework; sourceTree = BUILT_PRODUCTS_DIR; };
		920C447378C5817458E5AE75 /* Pods-CleanArchitectureTests.debug.xcconfig */ = {isa = PBXFileReference; includeInIndex = 1; lastKnownFileType = text.xcconfig; name = "Pods-CleanArchitectureTests.debug.xcconfig"; path = "Pods/Target Support Files/Pods-CleanArchitectureTests/Pods-CleanArchitectureTests.debug.xcconfig"; sourceTree = "<group>"; };
		A985D34ABB22C9884803DFB1 /* Pods-CleanArchitecture.release.xcconfig */ = {isa = PBXFileReference; includeInIndex = 1; lastKnownFileType = text.xcconfig; name = "Pods-CleanArchitecture.release.xcconfig"; path = "Pods/Target Support Files/Pods-CleanArchitecture/Pods-CleanArchitecture.release.xcconfig"; sourceTree = "<group>"; };
		B6ADDD66ADC02AFCEA8AB468 /* Pods-CleanArchitecture.debug.xcconfig */ = {isa = PBXFileReference; includeInIndex = 1; lastKnownFileType = text.xcconfig; name = "Pods-CleanArchitecture.debug.xcconfig"; path = "Pods/Target Support Files/Pods-CleanArchitecture/Pods-CleanArchitecture.debug.xcconfig"; sourceTree = "<group>"; };
		C02D3B665AE9543DC884C9D2 /* Pods_CleanArchitecture.framework */ = {isa = PBXFileReference; explicitFileType = wrapper.framework; includeInIndex = 0; path = Pods_CleanArchitecture.framework; sourceTree = BUILT_PRODUCTS_DIR; };
		E834C762AF7BE59A89A92D33 /* Pods-CleanArchitectureUITests.release.xcconfig */ = {isa = PBXFileReference; includeInIndex = 1; lastKnownFileType = text.xcconfig; name = "Pods-CleanArchitectureUITests.release.xcconfig"; path = "Pods/Target Support Files/Pods-CleanArchitectureUITests/Pods-CleanArchitectureUITests.release.xcconfig"; sourceTree = "<group>"; };
		ED427AF608C633973D2DC75E /* Pods-CleanArchitectureUITests.debug.xcconfig */ = {isa = PBXFileReference; includeInIndex = 1; lastKnownFileType = text.xcconfig; name = "Pods-CleanArchitectureUITests.debug.xcconfig"; path = "Pods/Target Support Files/Pods-CleanArchitectureUITests/Pods-CleanArchitectureUITests.debug.xcconfig"; sourceTree = "<group>"; };
		FDC4F71D3A668C5763ADD435 /* Pods-CleanArchitectureTests.release.xcconfig */ = {isa = PBXFileReference; includeInIndex = 1; lastKnownFileType = text.xcconfig; name = "Pods-CleanArchitectureTests.release.xcconfig"; path = "Pods/Target Support Files/Pods-CleanArchitectureTests/Pods-CleanArchitectureTests.release.xcconfig"; sourceTree = "<group>"; };
/* End PBXFileReference section */

/* Begin PBXFrameworksBuildPhase section */
		4353C67721C6A3F100A824DD /* Frameworks */ = {
			isa = PBXFrameworksBuildPhase;
			buildActionMask = 2147483647;
			files = (
				956645E2564500EDB3CF387E /* Pods_CleanArchitecture.framework in Frameworks */,
			);
			runOnlyForDeploymentPostprocessing = 0;
		};
		4353C68B21C6A3F200A824DD /* Frameworks */ = {
			isa = PBXFrameworksBuildPhase;
			buildActionMask = 2147483647;
			files = (
				37824278A1758B22FE302C2B /* Pods_CleanArchitectureTests.framework in Frameworks */,
			);
			runOnlyForDeploymentPostprocessing = 0;
		};
/* End PBXFrameworksBuildPhase section */

/* Begin PBXGroup section */
		0A8590EDB8344B57477E7F20 /* Frameworks */ = {
			isa = PBXGroup;
			children = (
				C02D3B665AE9543DC884C9D2 /* Pods_CleanArchitecture.framework */,
				782273A712D21DC25C665C73 /* Pods_CleanArchitectureTests.framework */,
				36A681191E9522F67040C5B4 /* Pods_CleanArchitectureUITests.framework */,
			);
			name = Frameworks;
			sourceTree = "<group>";
		};
		433BCAD421C7EDF60098DCF8 /* Scenes */ = {
			isa = PBXGroup;
			children = (
				433BCB1621C92BB10098DCF8 /* Signin */,
			);
			path = Scenes;
			sourceTree = "<group>";
		};
		433BCAD521C7F0000098DCF8 /* Core */ = {
			isa = PBXGroup;
			children = (
				433BCAEC21C7F2CB0098DCF8 /* APIError.swift */,
				433BCAD821C7F0000098DCF8 /* Mapping.swift */,
				433BCAD921C7F0000098DCF8 /* Router.swift */,
				433BCAD721C7F0000098DCF8 /* TargetType.swift */,
				433BCADA21C7F0000098DCF8 /* Task.swift */,
			);
			path = Core;
			sourceTree = "<group>";
		};
		433BCAE021C7F06A0098DCF8 /* Common */ = {
			isa = PBXGroup;
			children = (
				433BCAE221C7F0B50098DCF8 /* Extension */,
				433BCAE621C7F0B50098DCF8 /* MVVM */,
			);
			path = Common;
			sourceTree = "<group>";
		};
		433BCAE221C7F0B50098DCF8 /* Extension */ = {
			isa = PBXGroup;
			children = (
				433BCAE321C7F0B50098DCF8 /* JSONDecoder.swift */,
				433BCAE421C7F0B50098DCF8 /* DateFormatter.swift */,
				433BCAF921C804FB0098DCF8 /* Dictionary.swift */,
				433BCAFB21C808B10098DCF8 /* Sequence.swift */,
				433BCB0821C8F0710098DCF8 /* UIImageView.swift */,
			);
			path = Extension;
			sourceTree = "<group>";
		};
		433BCAE621C7F0B50098DCF8 /* MVVM */ = {
			isa = PBXGroup;
			children = (
				433BCAE721C7F0B50098DCF8 /* ViewModel.swift */,
			);
			path = MVVM;
			sourceTree = "<group>";
		};
		433BCAF021C7F46A0098DCF8 /* API */ = {
			isa = PBXGroup;
			children = (
				433BCB1D21C92CA10098DCF8 /* Auth */,
			);
			path = API;
			sourceTree = "<group>";
		};
		433BCAFF21C80F7A0098DCF8 /* UseCases */ = {
			isa = PBXGroup;
			children = (
				433BCB1521C92B460098DCF8 /* Auth */,
			);
			path = UseCases;
			sourceTree = "<group>";
		};
		433BCB0A21C8F7C90098DCF8 /* GradientView */ = {
			isa = PBXGroup;
			children = (
				433BCB0B21C8F7D80098DCF8 /* GradientView.swift */,
			);
			path = GradientView;
			sourceTree = "<group>";
		};
		433BCB1521C92B460098DCF8 /* Auth */ = {
			isa = PBXGroup;
			children = (
				433BCB1121C929460098DCF8 /* AuthUseCase.swift */,
			);
			path = Auth;
			sourceTree = "<group>";
		};
		433BCB1621C92BB10098DCF8 /* Signin */ = {
			isa = PBXGroup;
			children = (
				433BCB1721C92BC90098DCF8 /* SigninViewController.swift */,
				433BCB1821C92BC90098DCF8 /* SigninViewController.xib */,
				433BCB1B21C92BD40098DCF8 /* SigninViewModel.swift */,
			);
			path = Signin;
			sourceTree = "<group>";
		};
		433BCB1D21C92CA10098DCF8 /* Auth */ = {
			isa = PBXGroup;
			children = (
				433BCB1E21C92CAD0098DCF8 /* AuthTarget.swift */,
				433BCB2021C92E330098DCF8 /* AuthNetwork.swift */,
			);
			path = Auth;
			sourceTree = "<group>";
		};
		4353C67121C6A3F100A824DD = {
			isa = PBXGroup;
			children = (
				4353C67C21C6A3F100A824DD /* CleanArchitecture */,
				4353C69121C6A3F200A824DD /* CleanArchitectureTests */,
				4353C67B21C6A3F100A824DD /* Products */,
				51731A29D82242B01C173510 /* Pods */,
				0A8590EDB8344B57477E7F20 /* Frameworks */,
			);
			sourceTree = "<group>";
		};
		4353C67B21C6A3F100A824DD /* Products */ = {
			isa = PBXGroup;
			children = (
				4353C67A21C6A3F100A824DD /* CleanArchitecture.app */,
				4353C68E21C6A3F200A824DD /* CleanArchitectureTests.xctest */,
			);
			name = Products;
			sourceTree = "<group>";
		};
		4353C67C21C6A3F100A824DD /* CleanArchitecture */ = {
			isa = PBXGroup;
			children = (
				43682B0C21C6A89C00716C2C /* Application */,
				433BCAE021C7F06A0098DCF8 /* Common */,
				43682B0E21C6A8A900716C2C /* Define */,
				43682B0F21C6A8B600716C2C /* Resources */,
				43682B1121C6A8C900716C2C /* Support */,
			);
			path = CleanArchitecture;
			sourceTree = "<group>";
		};
		4353C69121C6A3F200A824DD /* CleanArchitectureTests */ = {
			isa = PBXGroup;
			children = (
				4353C69221C6A3F200A824DD /* CleanArchitectureTests.swift */,
				4353C69421C6A3F200A824DD /* Info.plist */,
			);
			path = CleanArchitectureTests;
			sourceTree = "<group>";
		};
		43682B0C21C6A89C00716C2C /* Application */ = {
			isa = PBXGroup;
			children = (
				4353C67D21C6A3F100A824DD /* AppDelegate.swift */,
				43682B1921C6A9B900716C2C /* Application.swift */,
				43682B1521C6A93000716C2C /* Base */,
				43682B2F21C6AC7C00716C2C /* Coordinates */,
				43682B3A21C6B2E600716C2C /* Model */,
				43682B1021C6A8BD00716C2C /* View-ViewModel */,
			);
			path = Application;
			sourceTree = "<group>";
		};
		43682B0D21C6A8A300716C2C /* Controls */ = {
			isa = PBXGroup;
			children = (
				433BCB0A21C8F7C90098DCF8 /* GradientView */,
			);
			path = Controls;
			sourceTree = "<group>";
		};
		43682B0E21C6A8A900716C2C /* Define */ = {
			isa = PBXGroup;
			children = (
				43682B3821C6B28B00716C2C /* App.swift */,
				433BCB0D21C91FAD0098DCF8 /* Color.swift */,
				43682B3B21C6B38B00716C2C /* String.swift */,
			);
			path = Define;
			sourceTree = "<group>";
		};
		43682B0F21C6A8B600716C2C /* Resources */ = {
			isa = PBXGroup;
			children = (
				43682B1321C6A8EF00716C2C /* Images */,
				43682B1221C6A8E100716C2C /* LaunchScreen */,
			);
			path = Resources;
			sourceTree = "<group>";
		};
		43682B1021C6A8BD00716C2C /* View-ViewModel */ = {
			isa = PBXGroup;
			children = (
				433BCAD421C7EDF60098DCF8 /* Scenes */,
				43682B0D21C6A8A300716C2C /* Controls */,
			);
			path = "View-ViewModel";
			sourceTree = "<group>";
		};
		43682B1121C6A8C900716C2C /* Support */ = {
			isa = PBXGroup;
			children = (
				4353C68921C6A3F200A824DD /* Info.plist */,
			);
			path = Support;
			sourceTree = "<group>";
		};
		43682B1221C6A8E100716C2C /* LaunchScreen */ = {
			isa = PBXGroup;
			children = (
				4353C68621C6A3F200A824DD /* LaunchScreen.storyboard */,
			);
			path = LaunchScreen;
			sourceTree = "<group>";
		};
		43682B1321C6A8EF00716C2C /* Images */ = {
			isa = PBXGroup;
			children = (
				4353C68421C6A3F200A824DD /* Assets.xcassets */,
			);
			path = Images;
			sourceTree = "<group>";
		};
		43682B1521C6A93000716C2C /* Base */ = {
			isa = PBXGroup;
			children = (
				43682B1621C6A93F00716C2C /* ViewController.swift */,
			);
			path = Base;
			sourceTree = "<group>";
		};
		43682B2F21C6AC7C00716C2C /* Coordinates */ = {
			isa = PBXGroup;
			children = (
				43682B3021C6AEF800716C2C /* AuthNavigator.swift */,
			);
			path = Coordinates;
			sourceTree = "<group>";
		};
		43682B3A21C6B2E600716C2C /* Model */ = {
			isa = PBXGroup;
			children = (
				43682B3D21C6B3D700716C2C /* Entities */,
				43682B3F21C6B48B00716C2C /* Services */,
				433BCAFF21C80F7A0098DCF8 /* UseCases */,
			);
			path = Model;
			sourceTree = "<group>";
		};
		43682B3D21C6B3D700716C2C /* Entities */ = {
			isa = PBXGroup;
			children = (
				433BCB0F21C928FB0098DCF8 /* Credential.swift */,
				433BCB1321C929670098DCF8 /* User.swift */,
			);
			path = Entities;
			sourceTree = "<group>";
		};
		43682B3F21C6B48B00716C2C /* Services */ = {
			isa = PBXGroup;
			children = (
				43682B4121C7596C00716C2C /* Realm */,
				43682B4021C7596300716C2C /* Network */,
			);
			path = Services;
			sourceTree = "<group>";
		};
		43682B4021C7596300716C2C /* Network */ = {
			isa = PBXGroup;
			children = (
				433BCAF021C7F46A0098DCF8 /* API */,
				433BCAD521C7F0000098DCF8 /* Core */,
				433BCAEE21C7F3EA0098DCF8 /* NetworkProvider.swift */,
			);
			path = Network;
			sourceTree = "<group>";
		};
		43682B4121C7596C00716C2C /* Realm */ = {
			isa = PBXGroup;
			children = (
			);
			path = Realm;
			sourceTree = "<group>";
		};
		51731A29D82242B01C173510 /* Pods */ = {
			isa = PBXGroup;
			children = (
				B6ADDD66ADC02AFCEA8AB468 /* Pods-CleanArchitecture.debug.xcconfig */,
				A985D34ABB22C9884803DFB1 /* Pods-CleanArchitecture.release.xcconfig */,
				920C447378C5817458E5AE75 /* Pods-CleanArchitectureTests.debug.xcconfig */,
				FDC4F71D3A668C5763ADD435 /* Pods-CleanArchitectureTests.release.xcconfig */,
				ED427AF608C633973D2DC75E /* Pods-CleanArchitectureUITests.debug.xcconfig */,
				E834C762AF7BE59A89A92D33 /* Pods-CleanArchitectureUITests.release.xcconfig */,
			);
			name = Pods;
			sourceTree = "<group>";
		};
/* End PBXGroup section */

/* Begin PBXNativeTarget section */
		4353C67921C6A3F100A824DD /* CleanArchitecture */ = {
			isa = PBXNativeTarget;
			buildConfigurationList = 4353C6A221C6A3F200A824DD /* Build configuration list for PBXNativeTarget "CleanArchitecture" */;
			buildPhases = (
				BBE04EB16FBACA4B7A551FF7 /* [CP] Check Pods Manifest.lock */,
				43682B1821C6A97C00716C2C /* SwiftLint */,
				4353C67621C6A3F100A824DD /* Sources */,
				4353C67721C6A3F100A824DD /* Frameworks */,
				4353C67821C6A3F100A824DD /* Resources */,
				C30751DB01C62837CDB601DE /* [CP] Embed Pods Frameworks */,
			);
			buildRules = (
			);
			dependencies = (
			);
			name = CleanArchitecture;
			productName = CleanArchitecture;
			productReference = 4353C67A21C6A3F100A824DD /* CleanArchitecture.app */;
			productType = "com.apple.product-type.application";
		};
		4353C68D21C6A3F200A824DD /* CleanArchitectureTests */ = {
			isa = PBXNativeTarget;
			buildConfigurationList = 4353C6A521C6A3F200A824DD /* Build configuration list for PBXNativeTarget "CleanArchitectureTests" */;
			buildPhases = (
				6B3569297CA1A04067E6407B /* [CP] Check Pods Manifest.lock */,
				4353C68A21C6A3F200A824DD /* Sources */,
				4353C68B21C6A3F200A824DD /* Frameworks */,
				4353C68C21C6A3F200A824DD /* Resources */,
				D1547D4D567A00BD669994B8 /* [CP] Embed Pods Frameworks */,
			);
			buildRules = (
			);
			dependencies = (
				4353C69021C6A3F200A824DD /* PBXTargetDependency */,
			);
			name = CleanArchitectureTests;
			productName = CleanArchitectureTests;
			productReference = 4353C68E21C6A3F200A824DD /* CleanArchitectureTests.xctest */;
			productType = "com.apple.product-type.bundle.unit-test";
		};
/* End PBXNativeTarget section */

/* Begin PBXProject section */
		4353C67221C6A3F100A824DD /* Project object */ = {
			isa = PBXProject;
			attributes = {
				LastSwiftUpdateCheck = 1010;
				LastUpgradeCheck = 1010;
				ORGANIZATIONNAME = mlsuho;
				TargetAttributes = {
					4353C67921C6A3F100A824DD = {
						CreatedOnToolsVersion = 10.1;
					};
					4353C68D21C6A3F200A824DD = {
						CreatedOnToolsVersion = 10.1;
						TestTargetID = 4353C67921C6A3F100A824DD;
					};
				};
			};
			buildConfigurationList = 4353C67521C6A3F100A824DD /* Build configuration list for PBXProject "CleanArchitecture" */;
			compatibilityVersion = "Xcode 9.3";
			developmentRegion = en;
			hasScannedForEncodings = 0;
			knownRegions = (
				en,
				Base,
			);
			mainGroup = 4353C67121C6A3F100A824DD;
			productRefGroup = 4353C67B21C6A3F100A824DD /* Products */;
			projectDirPath = "";
			projectRoot = "";
			targets = (
				4353C67921C6A3F100A824DD /* CleanArchitecture */,
				4353C68D21C6A3F200A824DD /* CleanArchitectureTests */,
			);
		};
/* End PBXProject section */

/* Begin PBXResourcesBuildPhase section */
		4353C67821C6A3F100A824DD /* Resources */ = {
			isa = PBXResourcesBuildPhase;
			buildActionMask = 2147483647;
			files = (
				433BCB1A21C92BC90098DCF8 /* SigninViewController.xib in Resources */,
				4353C68821C6A3F200A824DD /* LaunchScreen.storyboard in Resources */,
				4353C68521C6A3F200A824DD /* Assets.xcassets in Resources */,
			);
			runOnlyForDeploymentPostprocessing = 0;
		};
		4353C68C21C6A3F200A824DD /* Resources */ = {
			isa = PBXResourcesBuildPhase;
			buildActionMask = 2147483647;
			files = (
			);
			runOnlyForDeploymentPostprocessing = 0;
		};
/* End PBXResourcesBuildPhase section */

/* Begin PBXShellScriptBuildPhase section */
		43682B1821C6A97C00716C2C /* SwiftLint */ = {
			isa = PBXShellScriptBuildPhase;
			buildActionMask = 2147483647;
			files = (
			);
			inputFileListPaths = (
			);
			inputPaths = (
			);
			name = SwiftLint;
			outputFileListPaths = (
			);
			outputPaths = (
			);
			runOnlyForDeploymentPostprocessing = 0;
			shellPath = /bin/sh;
			shellScript = "if [[ -s \"${PODS_ROOT}/SwiftLint/swiftlint\" ]]; then\n\"${PODS_ROOT}/SwiftLint/swiftlint\"\nelse\necho \"warning: SwiftLint not installed, download from https://github.com/realm/SwiftLint\"\nexit 1\nfi\n";
		};
		6B3569297CA1A04067E6407B /* [CP] Check Pods Manifest.lock */ = {
			isa = PBXShellScriptBuildPhase;
			buildActionMask = 2147483647;
			files = (
			);
			inputFileListPaths = (
			);
			inputPaths = (
				"${PODS_PODFILE_DIR_PATH}/Podfile.lock",
				"${PODS_ROOT}/Manifest.lock",
			);
			name = "[CP] Check Pods Manifest.lock";
			outputFileListPaths = (
			);
			outputPaths = (
				"$(DERIVED_FILE_DIR)/Pods-CleanArchitectureTests-checkManifestLockResult.txt",
			);
			runOnlyForDeploymentPostprocessing = 0;
			shellPath = /bin/sh;
			shellScript = "diff \"${PODS_PODFILE_DIR_PATH}/Podfile.lock\" \"${PODS_ROOT}/Manifest.lock\" > /dev/null\nif [ $? != 0 ] ; then\n    # print error to STDERR\n    echo \"error: The sandbox is not in sync with the Podfile.lock. Run 'pod install' or update your CocoaPods installation.\" >&2\n    exit 1\nfi\n# This output is used by Xcode 'outputs' to avoid re-running this script phase.\necho \"SUCCESS\" > \"${SCRIPT_OUTPUT_FILE_0}\"\n";
			showEnvVarsInLog = 0;
		};
		BBE04EB16FBACA4B7A551FF7 /* [CP] Check Pods Manifest.lock */ = {
			isa = PBXShellScriptBuildPhase;
			buildActionMask = 2147483647;
			files = (
			);
			inputFileListPaths = (
			);
			inputPaths = (
				"${PODS_PODFILE_DIR_PATH}/Podfile.lock",
				"${PODS_ROOT}/Manifest.lock",
			);
			name = "[CP] Check Pods Manifest.lock";
			outputFileListPaths = (
			);
			outputPaths = (
				"$(DERIVED_FILE_DIR)/Pods-CleanArchitecture-checkManifestLockResult.txt",
			);
			runOnlyForDeploymentPostprocessing = 0;
			shellPath = /bin/sh;
			shellScript = "diff \"${PODS_PODFILE_DIR_PATH}/Podfile.lock\" \"${PODS_ROOT}/Manifest.lock\" > /dev/null\nif [ $? != 0 ] ; then\n    # print error to STDERR\n    echo \"error: The sandbox is not in sync with the Podfile.lock. Run 'pod install' or update your CocoaPods installation.\" >&2\n    exit 1\nfi\n# This output is used by Xcode 'outputs' to avoid re-running this script phase.\necho \"SUCCESS\" > \"${SCRIPT_OUTPUT_FILE_0}\"\n";
			showEnvVarsInLog = 0;
		};
		C30751DB01C62837CDB601DE /* [CP] Embed Pods Frameworks */ = {
			isa = PBXShellScriptBuildPhase;
			buildActionMask = 2147483647;
			files = (
			);
			inputFileListPaths = (
			);
			inputPaths = (
				"${SRCROOT}/Pods/Target Support Files/Pods-CleanArchitecture/Pods-CleanArchitecture-frameworks.sh",
				"${BUILT_PRODUCTS_DIR}/Alamofire/Alamofire.framework",
				"${BUILT_PRODUCTS_DIR}/Kingfisher/Kingfisher.framework",
				"${BUILT_PRODUCTS_DIR}/Realm/Realm.framework",
				"${BUILT_PRODUCTS_DIR}/RealmSwift/RealmSwift.framework",
				"${BUILT_PRODUCTS_DIR}/RxAlamofire/RxAlamofire.framework",
				"${BUILT_PRODUCTS_DIR}/RxAtomic/RxAtomic.framework",
				"${BUILT_PRODUCTS_DIR}/RxCocoa/RxCocoa.framework",
				"${BUILT_PRODUCTS_DIR}/RxRealm/RxRealm.framework",
				"${BUILT_PRODUCTS_DIR}/RxSwift/RxSwift.framework",
			);
			name = "[CP] Embed Pods Frameworks";
			outputFileListPaths = (
			);
			outputPaths = (
				"${TARGET_BUILD_DIR}/${FRAMEWORKS_FOLDER_PATH}/Alamofire.framework",
				"${TARGET_BUILD_DIR}/${FRAMEWORKS_FOLDER_PATH}/Kingfisher.framework",
				"${TARGET_BUILD_DIR}/${FRAMEWORKS_FOLDER_PATH}/Realm.framework",
				"${TARGET_BUILD_DIR}/${FRAMEWORKS_FOLDER_PATH}/RealmSwift.framework",
				"${TARGET_BUILD_DIR}/${FRAMEWORKS_FOLDER_PATH}/RxAlamofire.framework",
				"${TARGET_BUILD_DIR}/${FRAMEWORKS_FOLDER_PATH}/RxAtomic.framework",
				"${TARGET_BUILD_DIR}/${FRAMEWORKS_FOLDER_PATH}/RxCocoa.framework",
				"${TARGET_BUILD_DIR}/${FRAMEWORKS_FOLDER_PATH}/RxRealm.framework",
				"${TARGET_BUILD_DIR}/${FRAMEWORKS_FOLDER_PATH}/RxSwift.framework",
			);
			runOnlyForDeploymentPostprocessing = 0;
			shellPath = /bin/sh;
			shellScript = "\"${SRCROOT}/Pods/Target Support Files/Pods-CleanArchitecture/Pods-CleanArchitecture-frameworks.sh\"\n";
			showEnvVarsInLog = 0;
		};
		D1547D4D567A00BD669994B8 /* [CP] Embed Pods Frameworks */ = {
			isa = PBXShellScriptBuildPhase;
			buildActionMask = 2147483647;
			files = (
			);
			inputFileListPaths = (
			);
			inputPaths = (
				"${SRCROOT}/Pods/Target Support Files/Pods-CleanArchitectureTests/Pods-CleanArchitectureTests-frameworks.sh",
				"${BUILT_PRODUCTS_DIR}/RxAtomic/RxAtomic.framework",
				"${BUILT_PRODUCTS_DIR}/RxSwift/RxSwift.framework",
				"${BUILT_PRODUCTS_DIR}/RxBlocking/RxBlocking.framework",
				"${BUILT_PRODUCTS_DIR}/RxTest/RxTest.framework",
			);
			name = "[CP] Embed Pods Frameworks";
			outputFileListPaths = (
			);
			outputPaths = (
				"${TARGET_BUILD_DIR}/${FRAMEWORKS_FOLDER_PATH}/RxAtomic.framework",
				"${TARGET_BUILD_DIR}/${FRAMEWORKS_FOLDER_PATH}/RxSwift.framework",
				"${TARGET_BUILD_DIR}/${FRAMEWORKS_FOLDER_PATH}/RxBlocking.framework",
				"${TARGET_BUILD_DIR}/${FRAMEWORKS_FOLDER_PATH}/RxTest.framework",
			);
			runOnlyForDeploymentPostprocessing = 0;
			shellPath = /bin/sh;
			shellScript = "\"${SRCROOT}/Pods/Target Support Files/Pods-CleanArchitectureTests/Pods-CleanArchitectureTests-frameworks.sh\"\n";
			showEnvVarsInLog = 0;
		};
/* End PBXShellScriptBuildPhase section */

/* Begin PBXSourcesBuildPhase section */
		4353C67621C6A3F100A824DD /* Sources */ = {
			isa = PBXSourcesBuildPhase;
			buildActionMask = 2147483647;
			files = (
				433BCB1421C929670098DCF8 /* User.swift in Sources */,
				433BCAEB21C7F0B50098DCF8 /* ViewModel.swift in Sources */,
				433BCADC21C7F0000098DCF8 /* TargetType.swift in Sources */,
				43682B1A21C6A9B900716C2C /* Application.swift in Sources */,
				433BCAEF21C7F3EA0098DCF8 /* NetworkProvider.swift in Sources */,
				433BCB0E21C91FAD0098DCF8 /* Color.swift in Sources */,
				433BCAFA21C804FB0098DCF8 /* Dictionary.swift in Sources */,
				433BCB1921C92BC90098DCF8 /* SigninViewController.swift in Sources */,
				43682B3C21C6B38B00716C2C /* String.swift in Sources */,
				433BCAE921C7F0B50098DCF8 /* DateFormatter.swift in Sources */,
				433BCADD21C7F0000098DCF8 /* Mapping.swift in Sources */,
				433BCAFC21C808B10098DCF8 /* Sequence.swift in Sources */,
				43682B3921C6B28B00716C2C /* App.swift in Sources */,
				433BCAE821C7F0B50098DCF8 /* JSONDecoder.swift in Sources */,
				433BCB1F21C92CAD0098DCF8 /* AuthTarget.swift in Sources */,
				433BCB1221C929460098DCF8 /* AuthUseCase.swift in Sources */,
				43682B3121C6AEF800716C2C /* AuthNavigator.swift in Sources */,
				433BCB0921C8F0710098DCF8 /* UIImageView.swift in Sources */,
				43682B1721C6A93F00716C2C /* ViewController.swift in Sources */,
				433BCADE21C7F0000098DCF8 /* Router.swift in Sources */,
				433BCB0C21C8F7D80098DCF8 /* GradientView.swift in Sources */,
				4353C67E21C6A3F100A824DD /* AppDelegate.swift in Sources */,
				433BCB1C21C92BD40098DCF8 /* SigninViewModel.swift in Sources */,
				433BCADF21C7F0000098DCF8 /* Task.swift in Sources */,
				433BCB1021C928FB0098DCF8 /* Credential.swift in Sources */,
				433BCB2121C92E330098DCF8 /* AuthNetwork.swift in Sources */,
				433BCAED21C7F2CB0098DCF8 /* APIError.swift in Sources */,
			);
			runOnlyForDeploymentPostprocessing = 0;
		};
		4353C68A21C6A3F200A824DD /* Sources */ = {
			isa = PBXSourcesBuildPhase;
			buildActionMask = 2147483647;
			files = (
				4353C69321C6A3F200A824DD /* CleanArchitectureTests.swift in Sources */,
			);
			runOnlyForDeploymentPostprocessing = 0;
		};
/* End PBXSourcesBuildPhase section */

/* Begin PBXTargetDependency section */
		4353C69021C6A3F200A824DD /* PBXTargetDependency */ = {
			isa = PBXTargetDependency;
			target = 4353C67921C6A3F100A824DD /* CleanArchitecture */;
			targetProxy = 4353C68F21C6A3F200A824DD /* PBXContainerItemProxy */;
		};
/* End PBXTargetDependency section */

/* Begin PBXVariantGroup section */
		4353C68621C6A3F200A824DD /* LaunchScreen.storyboard */ = {
			isa = PBXVariantGroup;
			children = (
				4353C68721C6A3F200A824DD /* Base */,
			);
			name = LaunchScreen.storyboard;
			sourceTree = "<group>";
		};
/* End PBXVariantGroup section */

/* Begin XCBuildConfiguration section */
		4353C6A021C6A3F200A824DD /* Debug */ = {
			isa = XCBuildConfiguration;
			buildSettings = {
				ALWAYS_SEARCH_USER_PATHS = NO;
				CLANG_ANALYZER_NONNULL = YES;
				CLANG_ANALYZER_NUMBER_OBJECT_CONVERSION = YES_AGGRESSIVE;
				CLANG_CXX_LANGUAGE_STANDARD = "gnu++14";
				CLANG_CXX_LIBRARY = "libc++";
				CLANG_ENABLE_MODULES = YES;
				CLANG_ENABLE_OBJC_ARC = YES;
				CLANG_ENABLE_OBJC_WEAK = YES;
				CLANG_WARN_BLOCK_CAPTURE_AUTORELEASING = YES;
				CLANG_WARN_BOOL_CONVERSION = YES;
				CLANG_WARN_COMMA = YES;
				CLANG_WARN_CONSTANT_CONVERSION = YES;
				CLANG_WARN_DEPRECATED_OBJC_IMPLEMENTATIONS = YES;
				CLANG_WARN_DIRECT_OBJC_ISA_USAGE = YES_ERROR;
				CLANG_WARN_DOCUMENTATION_COMMENTS = YES;
				CLANG_WARN_EMPTY_BODY = YES;
				CLANG_WARN_ENUM_CONVERSION = YES;
				CLANG_WARN_INFINITE_RECURSION = YES;
				CLANG_WARN_INT_CONVERSION = YES;
				CLANG_WARN_NON_LITERAL_NULL_CONVERSION = YES;
				CLANG_WARN_OBJC_IMPLICIT_RETAIN_SELF = YES;
				CLANG_WARN_OBJC_LITERAL_CONVERSION = YES;
				CLANG_WARN_OBJC_ROOT_CLASS = YES_ERROR;
				CLANG_WARN_RANGE_LOOP_ANALYSIS = YES;
				CLANG_WARN_STRICT_PROTOTYPES = YES;
				CLANG_WARN_SUSPICIOUS_MOVE = YES;
				CLANG_WARN_UNGUARDED_AVAILABILITY = YES_AGGRESSIVE;
				CLANG_WARN_UNREACHABLE_CODE = YES;
				CLANG_WARN__DUPLICATE_METHOD_MATCH = YES;
				CODE_SIGN_IDENTITY = "iPhone Developer";
				COPY_PHASE_STRIP = NO;
				DEBUG_INFORMATION_FORMAT = dwarf;
				ENABLE_STRICT_OBJC_MSGSEND = YES;
				ENABLE_TESTABILITY = YES;
				GCC_C_LANGUAGE_STANDARD = gnu11;
				GCC_DYNAMIC_NO_PIC = NO;
				GCC_NO_COMMON_BLOCKS = YES;
				GCC_OPTIMIZATION_LEVEL = 0;
				GCC_PREPROCESSOR_DEFINITIONS = (
					"DEBUG=1",
					"$(inherited)",
				);
				GCC_WARN_64_TO_32_BIT_CONVERSION = YES;
				GCC_WARN_ABOUT_RETURN_TYPE = YES_ERROR;
				GCC_WARN_UNDECLARED_SELECTOR = YES;
				GCC_WARN_UNINITIALIZED_AUTOS = YES_AGGRESSIVE;
				GCC_WARN_UNUSED_FUNCTION = YES;
				GCC_WARN_UNUSED_VARIABLE = YES;
				IPHONEOS_DEPLOYMENT_TARGET = 9.0;
				MTL_ENABLE_DEBUG_INFO = INCLUDE_SOURCE;
				MTL_FAST_MATH = YES;
				ONLY_ACTIVE_ARCH = YES;
				SDKROOT = iphoneos;
				SWIFT_ACTIVE_COMPILATION_CONDITIONS = DEBUG;
				SWIFT_OPTIMIZATION_LEVEL = "-Onone";
			};
			name = Debug;
		};
		4353C6A121C6A3F200A824DD /* Release */ = {
			isa = XCBuildConfiguration;
			buildSettings = {
				ALWAYS_SEARCH_USER_PATHS = NO;
				CLANG_ANALYZER_NONNULL = YES;
				CLANG_ANALYZER_NUMBER_OBJECT_CONVERSION = YES_AGGRESSIVE;
				CLANG_CXX_LANGUAGE_STANDARD = "gnu++14";
				CLANG_CXX_LIBRARY = "libc++";
				CLANG_ENABLE_MODULES = YES;
				CLANG_ENABLE_OBJC_ARC = YES;
				CLANG_ENABLE_OBJC_WEAK = YES;
				CLANG_WARN_BLOCK_CAPTURE_AUTORELEASING = YES;
				CLANG_WARN_BOOL_CONVERSION = YES;
				CLANG_WARN_COMMA = YES;
				CLANG_WARN_CONSTANT_CONVERSION = YES;
				CLANG_WARN_DEPRECATED_OBJC_IMPLEMENTATIONS = YES;
				CLANG_WARN_DIRECT_OBJC_ISA_USAGE = YES_ERROR;
				CLANG_WARN_DOCUMENTATION_COMMENTS = YES;
				CLANG_WARN_EMPTY_BODY = YES;
				CLANG_WARN_ENUM_CONVERSION = YES;
				CLANG_WARN_INFINITE_RECURSION = YES;
				CLANG_WARN_INT_CONVERSION = YES;
				CLANG_WARN_NON_LITERAL_NULL_CONVERSION = YES;
				CLANG_WARN_OBJC_IMPLICIT_RETAIN_SELF = YES;
				CLANG_WARN_OBJC_LITERAL_CONVERSION = YES;
				CLANG_WARN_OBJC_ROOT_CLASS = YES_ERROR;
				CLANG_WARN_RANGE_LOOP_ANALYSIS = YES;
				CLANG_WARN_STRICT_PROTOTYPES = YES;
				CLANG_WARN_SUSPICIOUS_MOVE = YES;
				CLANG_WARN_UNGUARDED_AVAILABILITY = YES_AGGRESSIVE;
				CLANG_WARN_UNREACHABLE_CODE = YES;
				CLANG_WARN__DUPLICATE_METHOD_MATCH = YES;
				CODE_SIGN_IDENTITY = "iPhone Developer";
				COPY_PHASE_STRIP = NO;
				DEBUG_INFORMATION_FORMAT = "dwarf-with-dsym";
				ENABLE_NS_ASSERTIONS = NO;
				ENABLE_STRICT_OBJC_MSGSEND = YES;
				GCC_C_LANGUAGE_STANDARD = gnu11;
				GCC_NO_COMMON_BLOCKS = YES;
				GCC_WARN_64_TO_32_BIT_CONVERSION = YES;
				GCC_WARN_ABOUT_RETURN_TYPE = YES_ERROR;
				GCC_WARN_UNDECLARED_SELECTOR = YES;
				GCC_WARN_UNINITIALIZED_AUTOS = YES_AGGRESSIVE;
				GCC_WARN_UNUSED_FUNCTION = YES;
				GCC_WARN_UNUSED_VARIABLE = YES;
				IPHONEOS_DEPLOYMENT_TARGET = 9.0;
				MTL_ENABLE_DEBUG_INFO = NO;
				MTL_FAST_MATH = YES;
				SDKROOT = iphoneos;
				SWIFT_COMPILATION_MODE = wholemodule;
				SWIFT_OPTIMIZATION_LEVEL = "-O";
				VALIDATE_PRODUCT = YES;
			};
			name = Release;
		};
		4353C6A321C6A3F200A824DD /* Debug */ = {
			isa = XCBuildConfiguration;
			baseConfigurationReference = B6ADDD66ADC02AFCEA8AB468 /* Pods-CleanArchitecture.debug.xcconfig */;
			buildSettings = {
				ASSETCATALOG_COMPILER_APPICON_NAME = AppIcon;
				CODE_SIGN_STYLE = Automatic;
				DEVELOPMENT_TEAM = W6VWBYHU5C;
				INFOPLIST_FILE = "$(SRCROOT)/CleanArchitecture/Support/Info.plist";
				LD_RUNPATH_SEARCH_PATHS = (
					"$(inherited)",
					"@executable_path/Frameworks",
				);
				PRODUCT_BUNDLE_IDENTIFIER = me.mlsuho.CleanArchitecture;
				PRODUCT_NAME = "$(TARGET_NAME)";
				SWIFT_VERSION = 4.2;
				TARGETED_DEVICE_FAMILY = "1,2";
			};
			name = Debug;
		};
		4353C6A421C6A3F200A824DD /* Release */ = {
			isa = XCBuildConfiguration;
			baseConfigurationReference = A985D34ABB22C9884803DFB1 /* Pods-CleanArchitecture.release.xcconfig */;
			buildSettings = {
				ASSETCATALOG_COMPILER_APPICON_NAME = AppIcon;
				CODE_SIGN_STYLE = Automatic;
				DEVELOPMENT_TEAM = W6VWBYHU5C;
				INFOPLIST_FILE = "$(SRCROOT)/CleanArchitecture/Support/Info.plist";
				LD_RUNPATH_SEARCH_PATHS = (
					"$(inherited)",
					"@executable_path/Frameworks",
				);
				PRODUCT_BUNDLE_IDENTIFIER = me.mlsuho.CleanArchitecture;
				PRODUCT_NAME = "$(TARGET_NAME)";
				SWIFT_VERSION = 4.2;
				TARGETED_DEVICE_FAMILY = "1,2";
			};
			name = Release;
		};
		4353C6A621C6A3F200A824DD /* Debug */ = {
			isa = XCBuildConfiguration;
			baseConfigurationReference = 920C447378C5817458E5AE75 /* Pods-CleanArchitectureTests.debug.xcconfig */;
			buildSettings = {
				BUNDLE_LOADER = "$(TEST_HOST)";
				CODE_SIGN_STYLE = Automatic;
				INFOPLIST_FILE = CleanArchitectureTests/Info.plist;
				LD_RUNPATH_SEARCH_PATHS = (
					"$(inherited)",
					"@executable_path/Frameworks",
					"@loader_path/Frameworks",
				);
				PRODUCT_BUNDLE_IDENTIFIER = me.mlsuho.CleanArchitectureTests;
				PRODUCT_NAME = "$(TARGET_NAME)";
				SWIFT_VERSION = 4.2;
				TARGETED_DEVICE_FAMILY = "1,2";
				TEST_HOST = "$(BUILT_PRODUCTS_DIR)/CleanArchitecture.app/CleanArchitecture";
			};
			name = Debug;
		};
		4353C6A721C6A3F200A824DD /* Release */ = {
			isa = XCBuildConfiguration;
			baseConfigurationReference = FDC4F71D3A668C5763ADD435 /* Pods-CleanArchitectureTests.release.xcconfig */;
			buildSettings = {
				BUNDLE_LOADER = "$(TEST_HOST)";
				CODE_SIGN_STYLE = Automatic;
				INFOPLIST_FILE = CleanArchitectureTests/Info.plist;
				LD_RUNPATH_SEARCH_PATHS = (
					"$(inherited)",
					"@executable_path/Frameworks",
					"@loader_path/Frameworks",
				);
				PRODUCT_BUNDLE_IDENTIFIER = me.mlsuho.CleanArchitectureTests;
				PRODUCT_NAME = "$(TARGET_NAME)";
				SWIFT_VERSION = 4.2;
				TARGETED_DEVICE_FAMILY = "1,2";
				TEST_HOST = "$(BUILT_PRODUCTS_DIR)/CleanArchitecture.app/CleanArchitecture";
			};
			name = Release;
		};
/* End XCBuildConfiguration section */

/* Begin XCConfigurationList section */
		4353C67521C6A3F100A824DD /* Build configuration list for PBXProject "CleanArchitecture" */ = {
			isa = XCConfigurationList;
			buildConfigurations = (
				4353C6A021C6A3F200A824DD /* Debug */,
				4353C6A121C6A3F200A824DD /* Release */,
			);
			defaultConfigurationIsVisible = 0;
			defaultConfigurationName = Release;
		};
		4353C6A221C6A3F200A824DD /* Build configuration list for PBXNativeTarget "CleanArchitecture" */ = {
			isa = XCConfigurationList;
			buildConfigurations = (
				4353C6A321C6A3F200A824DD /* Debug */,
				4353C6A421C6A3F200A824DD /* Release */,
			);
			defaultConfigurationIsVisible = 0;
			defaultConfigurationName = Release;
		};
		4353C6A521C6A3F200A824DD /* Build configuration list for PBXNativeTarget "CleanArchitectureTests" */ = {
			isa = XCConfigurationList;
			buildConfigurations = (
				4353C6A621C6A3F200A824DD /* Debug */,
				4353C6A721C6A3F200A824DD /* Release */,
			);
			defaultConfigurationIsVisible = 0;
			defaultConfigurationName = Release;
		};
/* End XCConfigurationList section */
	};
	rootObject = 4353C67221C6A3F100A824DD /* Project object */;
}
